// !$*UTF8*$!
{
	archiveVersion = 1;
	classes = {
	};
	objectVersion = 52;
	objects = {

/* Begin PBXBuildFile section */
		16DBCD672461ED970040D4E8 /* AcessoBio.h in Headers */ = {isa = PBXBuildFile; fileRef = 16DBCD652461ED970040D4E8 /* AcessoBio.h */; settings = {ATTRIBUTES = (Public, ); }; };
		16DBCD7A2461EE3C0040D4E8 /* UIViewWithHole.m in Sources */ = {isa = PBXBuildFile; fileRef = 16DBCD6D2461EE3B0040D4E8 /* UIViewWithHole.m */; platformFilter = ios; };
		16DBCD7B2461EE3C0040D4E8 /* CameraMain.m in Sources */ = {isa = PBXBuildFile; fileRef = 16DBCD6E2461EE3B0040D4E8 /* CameraMain.m */; platformFilter = ios; };
		16DBCD7C2461EE3C0040D4E8 /* ValidateLiveness.m in Sources */ = {isa = PBXBuildFile; fileRef = 16DBCD6F2461EE3B0040D4E8 /* ValidateLiveness.m */; platformFilter = ios; };
		16DBCD7D2461EE3C0040D4E8 /* ValidateLiveness.h in Headers */ = {isa = PBXBuildFile; fileRef = 16DBCD702461EE3B0040D4E8 /* ValidateLiveness.h */; };
		16DBCD7F2461EE3C0040D4E8 /* UIImageUtils.h in Headers */ = {isa = PBXBuildFile; fileRef = 16DBCD722461EE3B0040D4E8 /* UIImageUtils.h */; platformFilter = ios; };
		16DBCD802461EE3C0040D4E8 /* UIImageUtils.m in Sources */ = {isa = PBXBuildFile; fileRef = 16DBCD732461EE3B0040D4E8 /* UIImageUtils.m */; platformFilter = ios; };
		16DBCD812461EE3C0040D4E8 /* UIViewWithHole.h in Headers */ = {isa = PBXBuildFile; fileRef = 16DBCD742461EE3B0040D4E8 /* UIViewWithHole.h */; platformFilter = ios; };
		16DBCD822461EE3C0040D4E8 /* UIColorExtensions.h in Headers */ = {isa = PBXBuildFile; fileRef = 16DBCD752461EE3B0040D4E8 /* UIColorExtensions.h */; platformFilter = ios; };
		16DBCD832461EE3C0040D4E8 /* UIColorExtensions.m in Sources */ = {isa = PBXBuildFile; fileRef = 16DBCD762461EE3B0040D4E8 /* UIColorExtensions.m */; platformFilter = ios; };
		16DBCD862461EE3C0040D4E8 /* CameraMain.h in Headers */ = {isa = PBXBuildFile; fileRef = 16DBCD792461EE3B0040D4E8 /* CameraMain.h */; platformFilter = ios; };
		2BDFCFE0264EC2AC009E7AB0 /* ErrorBio.h in Headers */ = {isa = PBXBuildFile; fileRef = 2BDFCFDE264EC2AC009E7AB0 /* ErrorBio.h */; };
		2BDFCFE1264EC2AC009E7AB0 /* ErrorBio.m in Sources */ = {isa = PBXBuildFile; fileRef = 2BDFCFDF264EC2AC009E7AB0 /* ErrorBio.m */; };
		97E59BE1256714BD0090575A /* ic_takepicture.png in Resources */ = {isa = PBXBuildFile; fileRef = 97E59BE0256714BD0090575A /* ic_takepicture.png */; };
		E63F9B1125AE59B700F436D2 /* WebKit.framework in Frameworks */ = {isa = PBXBuildFile; fileRef = E63F9B1025AE59B700F436D2 /* WebKit.framework */; };
		E669E3F52469922900110BAC /* AcessoBioManager.m in Sources */ = {isa = PBXBuildFile; fileRef = E669E3EF2469922800110BAC /* AcessoBioManager.m */; platformFilter = ios; };
		E669E3F62469922900110BAC /* AcessoBioManager.h in Headers */ = {isa = PBXBuildFile; fileRef = E669E3F02469922800110BAC /* AcessoBioManager.h */; platformFilter = ios; };
		E669E3F72469922900110BAC /* CameraFaceView.m in Sources */ = {isa = PBXBuildFile; fileRef = E669E3F12469922900110BAC /* CameraFaceView.m */; platformFilter = ios; };
		E669E3F82469922900110BAC /* LivenessXView.h in Headers */ = {isa = PBXBuildFile; fileRef = E669E3F22469922900110BAC /* LivenessXView.h */; platformFilter = ios; };
		E669E3F92469922900110BAC /* CameraFaceView.h in Headers */ = {isa = PBXBuildFile; fileRef = E669E3F32469922900110BAC /* CameraFaceView.h */; platformFilter = ios; };
		E669E3FA2469922900110BAC /* LivenessXView.m in Sources */ = {isa = PBXBuildFile; fileRef = E669E3F42469922900110BAC /* LivenessXView.m */; platformFilter = ios; };
		E669E3FD2469928800110BAC /* CameraFaceResult.m in Sources */ = {isa = PBXBuildFile; fileRef = E669E3FB2469928800110BAC /* CameraFaceResult.m */; platformFilter = ios; };
		E669E3FE2469928800110BAC /* CameraFaceResult.h in Headers */ = {isa = PBXBuildFile; fileRef = E669E3FC2469928800110BAC /* CameraFaceResult.h */; platformFilter = ios; };
		E669E4512469BA6F00110BAC /* LivenessXResult.h in Headers */ = {isa = PBXBuildFile; fileRef = E669E44F2469BA6E00110BAC /* LivenessXResult.h */; platformFilter = ios; };
		E669E4522469BA6F00110BAC /* LivenessXResult.m in Sources */ = {isa = PBXBuildFile; fileRef = E669E4502469BA6E00110BAC /* LivenessXResult.m */; platformFilter = ios; };
		E669E4552469C20F00110BAC /* CreateProcess.m in Sources */ = {isa = PBXBuildFile; fileRef = E669E4532469C20E00110BAC /* CreateProcess.m */; platformFilter = ios; };
		E669E4562469C20F00110BAC /* CreateProcess.h in Headers */ = {isa = PBXBuildFile; fileRef = E669E4542469C20F00110BAC /* CreateProcess.h */; platformFilter = ios; };
		E669E4582469C30B00110BAC /* FixedValues.h in Headers */ = {isa = PBXBuildFile; fileRef = E669E4572469C30B00110BAC /* FixedValues.h */; platformFilter = ios; };
		E67B7A53247195C000918066 /* ic_popup_face_error.png in Resources */ = {isa = PBXBuildFile; fileRef = E67B7A50247195C000918066 /* ic_popup_face_error.png */; };
		E67B7A5A2471B9CD00918066 /* ic_close.png in Resources */ = {isa = PBXBuildFile; fileRef = E67B7A592471B9CD00918066 /* ic_close.png */; };
		E69DB92B24E1E0BD001A1C2A /* DocumentInsertView.h in Headers */ = {isa = PBXBuildFile; fileRef = E69DB92924E1E0BC001A1C2A /* DocumentInsertView.h */; };
		E69DB92C24E1E0BD001A1C2A /* DocumentInsertView.m in Sources */ = {isa = PBXBuildFile; fileRef = E69DB92A24E1E0BC001A1C2A /* DocumentInsertView.m */; };
		E69DB92F24E1E0FC001A1C2A /* OCRResult.m in Sources */ = {isa = PBXBuildFile; fileRef = E69DB92D24E1E0FB001A1C2A /* OCRResult.m */; };
		E69DB93024E1E0FC001A1C2A /* OCRResult.h in Headers */ = {isa = PBXBuildFile; fileRef = E69DB92E24E1E0FC001A1C2A /* OCRResult.h */; };
		E69DB93524E20021001A1C2A /* FacematchResult.h in Headers */ = {isa = PBXBuildFile; fileRef = E69DB93324E20020001A1C2A /* FacematchResult.h */; };
		E69DB93624E20021001A1C2A /* FacematchResult.m in Sources */ = {isa = PBXBuildFile; fileRef = E69DB93424E20020001A1C2A /* FacematchResult.m */; };
		E6BAF99725ACD2AA003903C4 /* CenterModelCrop.mlmodel in Sources */ = {isa = PBXBuildFile; fileRef = 16DBCD782461EE3B0040D4E8 /* CenterModelCrop.mlmodel */; };
		E6CE35C025ACCC2F004CCD29 /* LocalAuthentication.framework in Frameworks */ = {isa = PBXBuildFile; fileRef = E6CE35BF25ACCC2F004CCD29 /* LocalAuthentication.framework */; };
		E6D86EA624E07AAB00B24B12 /* frame_cnh.png in Resources */ = {isa = PBXBuildFile; fileRef = E6D86EA324E07AAA00B24B12 /* frame_cnh.png */; };
		E6D86EA724E07AAB00B24B12 /* frame_rg_frente.png in Resources */ = {isa = PBXBuildFile; fileRef = E6D86EA424E07AAA00B24B12 /* frame_rg_frente.png */; };
		E6D86EA824E07AAB00B24B12 /* frame_rg_verso.png in Resources */ = {isa = PBXBuildFile; fileRef = E6D86EA524E07AAB00B24B12 /* frame_rg_verso.png */; };
		E6D86EAF24E087DE00B24B12 /* CameraDocumentResult.h in Headers */ = {isa = PBXBuildFile; fileRef = E6D86EAD24E087DE00B24B12 /* CameraDocumentResult.h */; };
		E6D86EB024E087DE00B24B12 /* CameraDocumentResult.m in Sources */ = {isa = PBXBuildFile; fileRef = E6D86EAE24E087DE00B24B12 /* CameraDocumentResult.m */; };
		E6FDF4A72469CCC300A8D34D /* PopUpValidationLiveness.h in Headers */ = {isa = PBXBuildFile; fileRef = E6FDF4A52469CCC300A8D34D /* PopUpValidationLiveness.h */; platformFilter = ios; };
		E6FDF4A82469CCC300A8D34D /* PopUpValidationLiveness.m in Sources */ = {isa = PBXBuildFile; fileRef = E6FDF4A62469CCC300A8D34D /* PopUpValidationLiveness.m */; platformFilter = ios; };
/* End PBXBuildFile section */

/* Begin PBXFileReference section */
		16DBCD622461ED970040D4E8 /* AcessoBio.framework */ = {isa = PBXFileReference; explicitFileType = wrapper.framework; includeInIndex = 0; path = AcessoBio.framework; sourceTree = BUILT_PRODUCTS_DIR; };
		16DBCD652461ED970040D4E8 /* AcessoBio.h */ = {isa = PBXFileReference; lastKnownFileType = sourcecode.c.h; path = AcessoBio.h; sourceTree = "<group>"; };
		16DBCD662461ED970040D4E8 /* Info.plist */ = {isa = PBXFileReference; lastKnownFileType = text.plist.xml; path = Info.plist; sourceTree = "<group>"; };
		16DBCD6D2461EE3B0040D4E8 /* UIViewWithHole.m */ = {isa = PBXFileReference; fileEncoding = 4; lastKnownFileType = sourcecode.c.objc; path = UIViewWithHole.m; sourceTree = "<group>"; };
		16DBCD6E2461EE3B0040D4E8 /* CameraMain.m */ = {isa = PBXFileReference; fileEncoding = 4; lastKnownFileType = sourcecode.c.objc; path = CameraMain.m; sourceTree = "<group>"; };
		16DBCD6F2461EE3B0040D4E8 /* ValidateLiveness.m */ = {isa = PBXFileReference; fileEncoding = 4; lastKnownFileType = sourcecode.c.objc; path = ValidateLiveness.m; sourceTree = "<group>"; };
		16DBCD702461EE3B0040D4E8 /* ValidateLiveness.h */ = {isa = PBXFileReference; fileEncoding = 4; lastKnownFileType = sourcecode.c.h; path = ValidateLiveness.h; sourceTree = "<group>"; };
		16DBCD722461EE3B0040D4E8 /* UIImageUtils.h */ = {isa = PBXFileReference; fileEncoding = 4; lastKnownFileType = sourcecode.c.h; path = UIImageUtils.h; sourceTree = "<group>"; };
		16DBCD732461EE3B0040D4E8 /* UIImageUtils.m */ = {isa = PBXFileReference; fileEncoding = 4; lastKnownFileType = sourcecode.c.objc; path = UIImageUtils.m; sourceTree = "<group>"; };
		16DBCD742461EE3B0040D4E8 /* UIViewWithHole.h */ = {isa = PBXFileReference; fileEncoding = 4; lastKnownFileType = sourcecode.c.h; path = UIViewWithHole.h; sourceTree = "<group>"; };
		16DBCD752461EE3B0040D4E8 /* UIColorExtensions.h */ = {isa = PBXFileReference; fileEncoding = 4; lastKnownFileType = sourcecode.c.h; path = UIColorExtensions.h; sourceTree = "<group>"; };
		16DBCD762461EE3B0040D4E8 /* UIColorExtensions.m */ = {isa = PBXFileReference; fileEncoding = 4; lastKnownFileType = sourcecode.c.objc; path = UIColorExtensions.m; sourceTree = "<group>"; };
		16DBCD782461EE3B0040D4E8 /* CenterModelCrop.mlmodel */ = {isa = PBXFileReference; lastKnownFileType = file.mlmodel; path = CenterModelCrop.mlmodel; sourceTree = "<group>"; };
		16DBCD792461EE3B0040D4E8 /* CameraMain.h */ = {isa = PBXFileReference; fileEncoding = 4; lastKnownFileType = sourcecode.c.h; path = CameraMain.h; sourceTree = "<group>"; };
		2BDFCFDE264EC2AC009E7AB0 /* ErrorBio.h */ = {isa = PBXFileReference; lastKnownFileType = sourcecode.c.h; path = ErrorBio.h; sourceTree = "<group>"; };
		2BDFCFDF264EC2AC009E7AB0 /* ErrorBio.m */ = {isa = PBXFileReference; lastKnownFileType = sourcecode.c.objc; path = ErrorBio.m; sourceTree = "<group>"; };
		97E59BE0256714BD0090575A /* ic_takepicture.png */ = {isa = PBXFileReference; lastKnownFileType = image.png; path = ic_takepicture.png; sourceTree = "<group>"; };
		E63F9B1025AE59B700F436D2 /* WebKit.framework */ = {isa = PBXFileReference; lastKnownFileType = wrapper.framework; name = WebKit.framework; path = System/Library/Frameworks/WebKit.framework; sourceTree = SDKROOT; };
		E669E3EF2469922800110BAC /* AcessoBioManager.m */ = {isa = PBXFileReference; fileEncoding = 4; lastKnownFileType = sourcecode.c.objc; path = AcessoBioManager.m; sourceTree = "<group>"; };
		E669E3F02469922800110BAC /* AcessoBioManager.h */ = {isa = PBXFileReference; fileEncoding = 4; lastKnownFileType = sourcecode.c.h; path = AcessoBioManager.h; sourceTree = "<group>"; };
		E669E3F12469922900110BAC /* CameraFaceView.m */ = {isa = PBXFileReference; fileEncoding = 4; lastKnownFileType = sourcecode.c.objc; path = CameraFaceView.m; sourceTree = "<group>"; };
		E669E3F22469922900110BAC /* LivenessXView.h */ = {isa = PBXFileReference; fileEncoding = 4; lastKnownFileType = sourcecode.c.h; path = LivenessXView.h; sourceTree = "<group>"; };
		E669E3F32469922900110BAC /* CameraFaceView.h */ = {isa = PBXFileReference; fileEncoding = 4; lastKnownFileType = sourcecode.c.h; path = CameraFaceView.h; sourceTree = "<group>"; };
		E669E3F42469922900110BAC /* LivenessXView.m */ = {isa = PBXFileReference; fileEncoding = 4; lastKnownFileType = sourcecode.c.objc; path = LivenessXView.m; sourceTree = "<group>"; };
		E669E3FB2469928800110BAC /* CameraFaceResult.m */ = {isa = PBXFileReference; fileEncoding = 4; lastKnownFileType = sourcecode.c.objc; path = CameraFaceResult.m; sourceTree = "<group>"; };
		E669E3FC2469928800110BAC /* CameraFaceResult.h */ = {isa = PBXFileReference; fileEncoding = 4; lastKnownFileType = sourcecode.c.h; path = CameraFaceResult.h; sourceTree = "<group>"; };
		E669E44F2469BA6E00110BAC /* LivenessXResult.h */ = {isa = PBXFileReference; fileEncoding = 4; lastKnownFileType = sourcecode.c.h; path = LivenessXResult.h; sourceTree = "<group>"; };
		E669E4502469BA6E00110BAC /* LivenessXResult.m */ = {isa = PBXFileReference; fileEncoding = 4; lastKnownFileType = sourcecode.c.objc; path = LivenessXResult.m; sourceTree = "<group>"; };
		E669E4532469C20E00110BAC /* CreateProcess.m */ = {isa = PBXFileReference; fileEncoding = 4; lastKnownFileType = sourcecode.c.objc; path = CreateProcess.m; sourceTree = "<group>"; };
		E669E4542469C20F00110BAC /* CreateProcess.h */ = {isa = PBXFileReference; fileEncoding = 4; lastKnownFileType = sourcecode.c.h; path = CreateProcess.h; sourceTree = "<group>"; };
		E669E4572469C30B00110BAC /* FixedValues.h */ = {isa = PBXFileReference; fileEncoding = 4; lastKnownFileType = sourcecode.c.h; path = FixedValues.h; sourceTree = "<group>"; };
		E67B7A50247195C000918066 /* ic_popup_face_error.png */ = {isa = PBXFileReference; lastKnownFileType = image.png; path = ic_popup_face_error.png; sourceTree = "<group>"; };
		E67B7A592471B9CD00918066 /* ic_close.png */ = {isa = PBXFileReference; lastKnownFileType = image.png; path = ic_close.png; sourceTree = "<group>"; };
		E69DB92924E1E0BC001A1C2A /* DocumentInsertView.h */ = {isa = PBXFileReference; fileEncoding = 4; lastKnownFileType = sourcecode.c.h; path = DocumentInsertView.h; sourceTree = "<group>"; };
		E69DB92A24E1E0BC001A1C2A /* DocumentInsertView.m */ = {isa = PBXFileReference; fileEncoding = 4; lastKnownFileType = sourcecode.c.objc; path = DocumentInsertView.m; sourceTree = "<group>"; };
		E69DB92D24E1E0FB001A1C2A /* OCRResult.m */ = {isa = PBXFileReference; fileEncoding = 4; lastKnownFileType = sourcecode.c.objc; path = OCRResult.m; sourceTree = "<group>"; };
		E69DB92E24E1E0FC001A1C2A /* OCRResult.h */ = {isa = PBXFileReference; fileEncoding = 4; lastKnownFileType = sourcecode.c.h; path = OCRResult.h; sourceTree = "<group>"; };
		E69DB93324E20020001A1C2A /* FacematchResult.h */ = {isa = PBXFileReference; lastKnownFileType = sourcecode.c.h; path = FacematchResult.h; sourceTree = "<group>"; };
		E69DB93424E20020001A1C2A /* FacematchResult.m */ = {isa = PBXFileReference; lastKnownFileType = sourcecode.c.objc; path = FacematchResult.m; sourceTree = "<group>"; };
		E6CE357325ACC0DF004CCD29 /* Firebase */ = {isa = PBXFileReference; lastKnownFileType = folder; path = Firebase; sourceTree = "<group>"; };
		E6CE357725ACC0F4004CCD29 /* Firebase */ = {isa = PBXFileReference; lastKnownFileType = folder; name = Firebase; path = ../../../../Downloads/Firebase; sourceTree = "<group>"; };
		E6CE357B25ACC133004CCD29 /* FirebaseCore.xcframework */ = {isa = PBXFileReference; lastKnownFileType = wrapper.xcframework; name = FirebaseCore.xcframework; path = AcessoBio/Firebase/FirebaseAnalytics/FirebaseCore.xcframework; sourceTree = "<group>"; };
		E6CE357E25ACC145004CCD29 /* FirebaseCore */ = {isa = PBXFileReference; lastKnownFileType = archive.ar; name = FirebaseCore; path = "AcessoBio/Firebase/FirebaseAnalytics/FirebaseCore.xcframework/ios-x86_64-maccatalyst/FirebaseCore.framework/FirebaseCore"; sourceTree = "<group>"; };
		E6CE358225ACC158004CCD29 /* FirebaseAnalytics.xcframework */ = {isa = PBXFileReference; lastKnownFileType = wrapper.xcframework; name = FirebaseAnalytics.xcframework; path = AcessoBio/Firebase/FirebaseAnalytics/FirebaseAnalytics.xcframework; sourceTree = "<group>"; };
		E6CE35BF25ACCC2F004CCD29 /* LocalAuthentication.framework */ = {isa = PBXFileReference; lastKnownFileType = wrapper.framework; name = LocalAuthentication.framework; path = System/Library/Frameworks/LocalAuthentication.framework; sourceTree = SDKROOT; };
		E6D86EA324E07AAA00B24B12 /* frame_cnh.png */ = {isa = PBXFileReference; lastKnownFileType = image.png; path = frame_cnh.png; sourceTree = "<group>"; };
		E6D86EA424E07AAA00B24B12 /* frame_rg_frente.png */ = {isa = PBXFileReference; lastKnownFileType = image.png; path = frame_rg_frente.png; sourceTree = "<group>"; };
		E6D86EA524E07AAB00B24B12 /* frame_rg_verso.png */ = {isa = PBXFileReference; lastKnownFileType = image.png; path = frame_rg_verso.png; sourceTree = "<group>"; };
		E6D86EAD24E087DE00B24B12 /* CameraDocumentResult.h */ = {isa = PBXFileReference; lastKnownFileType = sourcecode.c.h; path = CameraDocumentResult.h; sourceTree = "<group>"; };
		E6D86EAE24E087DE00B24B12 /* CameraDocumentResult.m */ = {isa = PBXFileReference; lastKnownFileType = sourcecode.c.objc; path = CameraDocumentResult.m; sourceTree = "<group>"; };
		E6FA0E4C25AE55A9004CC9B6 /* libsqlite3.tbd */ = {isa = PBXFileReference; lastKnownFileType = "sourcecode.text-based-dylib-definition"; name = libsqlite3.tbd; path = usr/lib/libsqlite3.tbd; sourceTree = SDKROOT; };
		E6FA0E4F25AE55BE004CC9B6 /* libz.tbd */ = {isa = PBXFileReference; lastKnownFileType = "sourcecode.text-based-dylib-definition"; name = libz.tbd; path = usr/lib/libz.tbd; sourceTree = SDKROOT; };
		E6FA0E5225AE55CC004CC9B6 /* libc++.tbd */ = {isa = PBXFileReference; lastKnownFileType = "sourcecode.text-based-dylib-definition"; name = "libc++.tbd"; path = "usr/lib/libc++.tbd"; sourceTree = SDKROOT; };
		E6FA0E5525AE566B004CC9B6 /* StoreKit.framework */ = {isa = PBXFileReference; lastKnownFileType = wrapper.framework; name = StoreKit.framework; path = System/Library/Frameworks/StoreKit.framework; sourceTree = SDKROOT; };
		E6FDF4A52469CCC300A8D34D /* PopUpValidationLiveness.h */ = {isa = PBXFileReference; fileEncoding = 4; lastKnownFileType = sourcecode.c.h; path = PopUpValidationLiveness.h; sourceTree = "<group>"; };
		E6FDF4A62469CCC300A8D34D /* PopUpValidationLiveness.m */ = {isa = PBXFileReference; fileEncoding = 4; lastKnownFileType = sourcecode.c.objc; path = PopUpValidationLiveness.m; sourceTree = "<group>"; };
/* End PBXFileReference section */

/* Begin PBXFrameworksBuildPhase section */
		16DBCD5F2461ED970040D4E8 /* Frameworks */ = {
			isa = PBXFrameworksBuildPhase;
			buildActionMask = 2147483647;
			files = (
				E63F9B1125AE59B700F436D2 /* WebKit.framework in Frameworks */,
				E6CE35C025ACCC2F004CCD29 /* LocalAuthentication.framework in Frameworks */,
			);
			runOnlyForDeploymentPostprocessing = 0;
		};
/* End PBXFrameworksBuildPhase section */

/* Begin PBXGroup section */
		16DBCD582461ED960040D4E8 = {
			isa = PBXGroup;
			children = (
				16DBCD642461ED970040D4E8 /* AcessoBio */,
				16DBCD632461ED970040D4E8 /* Products */,
				E6CE357225ACC0DF004CCD29 /* Frameworks */,
			);
			sourceTree = "<group>";
		};
		16DBCD632461ED970040D4E8 /* Products */ = {
			isa = PBXGroup;
			children = (
				16DBCD622461ED970040D4E8 /* AcessoBio.framework */,
			);
			name = Products;
			sourceTree = "<group>";
		};
		16DBCD642461ED970040D4E8 /* AcessoBio */ = {
			isa = PBXGroup;
			children = (
				97E59BE0256714BD0090575A /* ic_takepicture.png */,
				E69DB92E24E1E0FC001A1C2A /* OCRResult.h */,
				E69DB92D24E1E0FB001A1C2A /* OCRResult.m */,
				E69DB92924E1E0BC001A1C2A /* DocumentInsertView.h */,
				E69DB92A24E1E0BC001A1C2A /* DocumentInsertView.m */,
				E6D86EA324E07AAA00B24B12 /* frame_cnh.png */,
				E6D86EA424E07AAA00B24B12 /* frame_rg_frente.png */,
				E6D86EA524E07AAB00B24B12 /* frame_rg_verso.png */,
				E67B7A592471B9CD00918066 /* ic_close.png */,
				E67B7A50247195C000918066 /* ic_popup_face_error.png */,
				E6FDF4A52469CCC300A8D34D /* PopUpValidationLiveness.h */,
				E6FDF4A62469CCC300A8D34D /* PopUpValidationLiveness.m */,
				E669E4572469C30B00110BAC /* FixedValues.h */,
				E669E4542469C20F00110BAC /* CreateProcess.h */,
				E669E4532469C20E00110BAC /* CreateProcess.m */,
				E669E44F2469BA6E00110BAC /* LivenessXResult.h */,
				E669E4502469BA6E00110BAC /* LivenessXResult.m */,
				E669E3FC2469928800110BAC /* CameraFaceResult.h */,
				E669E3FB2469928800110BAC /* CameraFaceResult.m */,
				E669E3F02469922800110BAC /* AcessoBioManager.h */,
				E669E3EF2469922800110BAC /* AcessoBioManager.m */,
				E669E3F32469922900110BAC /* CameraFaceView.h */,
				E669E3F12469922900110BAC /* CameraFaceView.m */,
				E669E3F22469922900110BAC /* LivenessXView.h */,
				E669E3F42469922900110BAC /* LivenessXView.m */,
				16DBCD792461EE3B0040D4E8 /* CameraMain.h */,
				16DBCD6E2461EE3B0040D4E8 /* CameraMain.m */,
				16DBCD782461EE3B0040D4E8 /* CenterModelCrop.mlmodel */,
				16DBCD752461EE3B0040D4E8 /* UIColorExtensions.h */,
				16DBCD762461EE3B0040D4E8 /* UIColorExtensions.m */,
				16DBCD722461EE3B0040D4E8 /* UIImageUtils.h */,
				16DBCD732461EE3B0040D4E8 /* UIImageUtils.m */,
				16DBCD742461EE3B0040D4E8 /* UIViewWithHole.h */,
				16DBCD6D2461EE3B0040D4E8 /* UIViewWithHole.m */,
				16DBCD702461EE3B0040D4E8 /* ValidateLiveness.h */,
				16DBCD6F2461EE3B0040D4E8 /* ValidateLiveness.m */,
				16DBCD652461ED970040D4E8 /* AcessoBio.h */,
				16DBCD662461ED970040D4E8 /* Info.plist */,
				E6D86EAD24E087DE00B24B12 /* CameraDocumentResult.h */,
				E6D86EAE24E087DE00B24B12 /* CameraDocumentResult.m */,
				E69DB93324E20020001A1C2A /* FacematchResult.h */,
				E69DB93424E20020001A1C2A /* FacematchResult.m */,
				2BDFCFDE264EC2AC009E7AB0 /* ErrorBio.h */,
				2BDFCFDF264EC2AC009E7AB0 /* ErrorBio.m */,
			);
			path = AcessoBio;
			sourceTree = "<group>";
		};
		E6CE357225ACC0DF004CCD29 /* Frameworks */ = {
			isa = PBXGroup;
			children = (
				E63F9B1025AE59B700F436D2 /* WebKit.framework */,
				E6FA0E5525AE566B004CC9B6 /* StoreKit.framework */,
				E6FA0E5225AE55CC004CC9B6 /* libc++.tbd */,
				E6FA0E4F25AE55BE004CC9B6 /* libz.tbd */,
				E6FA0E4C25AE55A9004CC9B6 /* libsqlite3.tbd */,
				E6CE35BF25ACCC2F004CCD29 /* LocalAuthentication.framework */,
				E6CE358225ACC158004CCD29 /* FirebaseAnalytics.xcframework */,
				E6CE357E25ACC145004CCD29 /* FirebaseCore */,
				E6CE357B25ACC133004CCD29 /* FirebaseCore.xcframework */,
				E6CE357725ACC0F4004CCD29 /* Firebase */,
				E6CE357325ACC0DF004CCD29 /* Firebase */,
			);
			name = Frameworks;
			sourceTree = "<group>";
		};
/* End PBXGroup section */

/* Begin PBXHeadersBuildPhase section */
		16DBCD5D2461ED970040D4E8 /* Headers */ = {
			isa = PBXHeadersBuildPhase;
			buildActionMask = 2147483647;
			files = (
				E669E4562469C20F00110BAC /* CreateProcess.h in Headers */,
				E669E3F92469922900110BAC /* CameraFaceView.h in Headers */,
				16DBCD7D2461EE3C0040D4E8 /* ValidateLiveness.h in Headers */,
				E669E3F82469922900110BAC /* LivenessXView.h in Headers */,
				E669E4582469C30B00110BAC /* FixedValues.h in Headers */,
				E69DB93024E1E0FC001A1C2A /* OCRResult.h in Headers */,
				E6D86EAF24E087DE00B24B12 /* CameraDocumentResult.h in Headers */,
				E669E3FE2469928800110BAC /* CameraFaceResult.h in Headers */,
				16DBCD822461EE3C0040D4E8 /* UIColorExtensions.h in Headers */,
				E669E3F62469922900110BAC /* AcessoBioManager.h in Headers */,
				E69DB92B24E1E0BD001A1C2A /* DocumentInsertView.h in Headers */,
				16DBCD7F2461EE3C0040D4E8 /* UIImageUtils.h in Headers */,
				E69DB93524E20021001A1C2A /* FacematchResult.h in Headers */,
				16DBCD672461ED970040D4E8 /* AcessoBio.h in Headers */,
				16DBCD862461EE3C0040D4E8 /* CameraMain.h in Headers */,
				E6FDF4A72469CCC300A8D34D /* PopUpValidationLiveness.h in Headers */,
				2BDFCFE0264EC2AC009E7AB0 /* ErrorBio.h in Headers */,
				16DBCD812461EE3C0040D4E8 /* UIViewWithHole.h in Headers */,
				E669E4512469BA6F00110BAC /* LivenessXResult.h in Headers */,
			);
			runOnlyForDeploymentPostprocessing = 0;
		};
/* End PBXHeadersBuildPhase section */

/* Begin PBXNativeTarget section */
		16DBCD612461ED970040D4E8 /* AcessoBio */ = {
			isa = PBXNativeTarget;
			buildConfigurationList = 16DBCD6A2461ED970040D4E8 /* Build configuration list for PBXNativeTarget "AcessoBio" */;
			buildPhases = (
				16DBCD5D2461ED970040D4E8 /* Headers */,
				16DBCD5E2461ED970040D4E8 /* Sources */,
				16DBCD5F2461ED970040D4E8 /* Frameworks */,
				16DBCD602461ED970040D4E8 /* Resources */,
			);
			buildRules = (
			);
			dependencies = (
			);
			name = AcessoBio;
			productName = AcessoBio;
			productReference = 16DBCD622461ED970040D4E8 /* AcessoBio.framework */;
			productType = "com.apple.product-type.framework";
		};
/* End PBXNativeTarget section */

/* Begin PBXProject section */
		16DBCD592461ED970040D4E8 /* Project object */ = {
			isa = PBXProject;
			attributes = {
				LastUpgradeCheck = 1130;
				ORGANIZATIONNAME = "Matheus Domingos Acesso";
				TargetAttributes = {
					16DBCD612461ED970040D4E8 = {
						CreatedOnToolsVersion = 11.3.1;
					};
				};
			};
			buildConfigurationList = 16DBCD5C2461ED970040D4E8 /* Build configuration list for PBXProject "AcessoBio" */;
			compatibilityVersion = "Xcode 9.3";
			developmentRegion = en;
			hasScannedForEncodings = 0;
			knownRegions = (
				en,
				Base,
			);
			mainGroup = 16DBCD582461ED960040D4E8;
			productRefGroup = 16DBCD632461ED970040D4E8 /* Products */;
			projectDirPath = "";
			projectRoot = "";
			targets = (
				16DBCD612461ED970040D4E8 /* AcessoBio */,
			);
		};
/* End PBXProject section */

/* Begin PBXResourcesBuildPhase section */
		16DBCD602461ED970040D4E8 /* Resources */ = {
			isa = PBXResourcesBuildPhase;
			buildActionMask = 2147483647;
			files = (
				E6D86EA724E07AAB00B24B12 /* frame_rg_frente.png in Resources */,
				97E59BE1256714BD0090575A /* ic_takepicture.png in Resources */,
				E67B7A5A2471B9CD00918066 /* ic_close.png in Resources */,
				E67B7A53247195C000918066 /* ic_popup_face_error.png in Resources */,
				E6D86EA624E07AAB00B24B12 /* frame_cnh.png in Resources */,
				E6D86EA824E07AAB00B24B12 /* frame_rg_verso.png in Resources */,
			);
			runOnlyForDeploymentPostprocessing = 0;
		};
/* End PBXResourcesBuildPhase section */

/* Begin PBXSourcesBuildPhase section */
		16DBCD5E2461ED970040D4E8 /* Sources */ = {
			isa = PBXSourcesBuildPhase;
			buildActionMask = 2147483647;
			files = (
				E669E3F72469922900110BAC /* CameraFaceView.m in Sources */,
				16DBCD7A2461EE3C0040D4E8 /* UIViewWithHole.m in Sources */,
				16DBCD7B2461EE3C0040D4E8 /* CameraMain.m in Sources */,
				2BDFCFE1264EC2AC009E7AB0 /* ErrorBio.m in Sources */,
				E69DB92C24E1E0BD001A1C2A /* DocumentInsertView.m in Sources */,
				E669E3F52469922900110BAC /* AcessoBioManager.m in Sources */,
				16DBCD802461EE3C0040D4E8 /* UIImageUtils.m in Sources */,
				16DBCD832461EE3C0040D4E8 /* UIColorExtensions.m in Sources */,
				E669E4522469BA6F00110BAC /* LivenessXResult.m in Sources */,
				E69DB93624E20021001A1C2A /* FacematchResult.m in Sources */,
				E669E3FA2469922900110BAC /* LivenessXView.m in Sources */,
				E69DB92F24E1E0FC001A1C2A /* OCRResult.m in Sources */,
				E669E4552469C20F00110BAC /* CreateProcess.m in Sources */,
				E669E3FD2469928800110BAC /* CameraFaceResult.m in Sources */,
				16DBCD7C2461EE3C0040D4E8 /* ValidateLiveness.m in Sources */,
				E6D86EB024E087DE00B24B12 /* CameraDocumentResult.m in Sources */,
				E6BAF99725ACD2AA003903C4 /* CenterModelCrop.mlmodel in Sources */,
				E6FDF4A82469CCC300A8D34D /* PopUpValidationLiveness.m in Sources */,
			);
			runOnlyForDeploymentPostprocessing = 0;
		};
/* End PBXSourcesBuildPhase section */

/* Begin XCBuildConfiguration section */
		16DBCD682461ED970040D4E8 /* Debug */ = {
			isa = XCBuildConfiguration;
			buildSettings = {
				ALWAYS_SEARCH_USER_PATHS = NO;
				CLANG_ANALYZER_NONNULL = YES;
				CLANG_ANALYZER_NUMBER_OBJECT_CONVERSION = YES_AGGRESSIVE;
				CLANG_CXX_LANGUAGE_STANDARD = "gnu++14";
				CLANG_CXX_LIBRARY = "libc++";
				CLANG_ENABLE_MODULES = YES;
				CLANG_ENABLE_OBJC_ARC = YES;
				CLANG_ENABLE_OBJC_WEAK = YES;
				CLANG_WARN_BLOCK_CAPTURE_AUTORELEASING = YES;
				CLANG_WARN_BOOL_CONVERSION = YES;
				CLANG_WARN_COMMA = YES;
				CLANG_WARN_CONSTANT_CONVERSION = YES;
				CLANG_WARN_DEPRECATED_OBJC_IMPLEMENTATIONS = YES;
				CLANG_WARN_DIRECT_OBJC_ISA_USAGE = YES_ERROR;
				CLANG_WARN_DOCUMENTATION_COMMENTS = YES;
				CLANG_WARN_EMPTY_BODY = YES;
				CLANG_WARN_ENUM_CONVERSION = YES;
				CLANG_WARN_INFINITE_RECURSION = YES;
				CLANG_WARN_INT_CONVERSION = YES;
				CLANG_WARN_NON_LITERAL_NULL_CONVERSION = YES;
				CLANG_WARN_OBJC_IMPLICIT_RETAIN_SELF = YES;
				CLANG_WARN_OBJC_LITERAL_CONVERSION = YES;
				CLANG_WARN_OBJC_ROOT_CLASS = YES_ERROR;
				CLANG_WARN_RANGE_LOOP_ANALYSIS = YES;
				CLANG_WARN_STRICT_PROTOTYPES = YES;
				CLANG_WARN_SUSPICIOUS_MOVE = YES;
				CLANG_WARN_UNGUARDED_AVAILABILITY = YES_AGGRESSIVE;
				CLANG_WARN_UNREACHABLE_CODE = YES;
				CLANG_WARN__DUPLICATE_METHOD_MATCH = YES;
				COPY_PHASE_STRIP = NO;
				CURRENT_PROJECT_VERSION = 1;
				DEBUG_INFORMATION_FORMAT = dwarf;
				ENABLE_STRICT_OBJC_MSGSEND = YES;
				ENABLE_TESTABILITY = YES;
				GCC_C_LANGUAGE_STANDARD = gnu11;
				GCC_DYNAMIC_NO_PIC = NO;
				GCC_NO_COMMON_BLOCKS = YES;
				GCC_OPTIMIZATION_LEVEL = 0;
				GCC_PREPROCESSOR_DEFINITIONS = (
					"DEBUG=1",
					"$(inherited)",
				);
				GCC_WARN_64_TO_32_BIT_CONVERSION = YES;
				GCC_WARN_ABOUT_RETURN_TYPE = YES_ERROR;
				GCC_WARN_UNDECLARED_SELECTOR = YES;
				GCC_WARN_UNINITIALIZED_AUTOS = YES_AGGRESSIVE;
				GCC_WARN_UNUSED_FUNCTION = YES;
				GCC_WARN_UNUSED_VARIABLE = YES;
				IPHONEOS_DEPLOYMENT_TARGET = 13.2;
				MTL_ENABLE_DEBUG_INFO = INCLUDE_SOURCE;
				MTL_FAST_MATH = YES;
				ONLY_ACTIVE_ARCH = YES;
				SDKROOT = iphoneos;
				VERSIONING_SYSTEM = "apple-generic";
				VERSION_INFO_PREFIX = "";
			};
			name = Debug;
		};
		16DBCD692461ED970040D4E8 /* Release */ = {
			isa = XCBuildConfiguration;
			buildSettings = {
				ALWAYS_SEARCH_USER_PATHS = NO;
				CLANG_ANALYZER_NONNULL = YES;
				CLANG_ANALYZER_NUMBER_OBJECT_CONVERSION = YES_AGGRESSIVE;
				CLANG_CXX_LANGUAGE_STANDARD = "gnu++14";
				CLANG_CXX_LIBRARY = "libc++";
				CLANG_ENABLE_MODULES = YES;
				CLANG_ENABLE_OBJC_ARC = YES;
				CLANG_ENABLE_OBJC_WEAK = YES;
				CLANG_WARN_BLOCK_CAPTURE_AUTORELEASING = YES;
				CLANG_WARN_BOOL_CONVERSION = YES;
				CLANG_WARN_COMMA = YES;
				CLANG_WARN_CONSTANT_CONVERSION = YES;
				CLANG_WARN_DEPRECATED_OBJC_IMPLEMENTATIONS = YES;
				CLANG_WARN_DIRECT_OBJC_ISA_USAGE = YES_ERROR;
				CLANG_WARN_DOCUMENTATION_COMMENTS = YES;
				CLANG_WARN_EMPTY_BODY = YES;
				CLANG_WARN_ENUM_CONVERSION = YES;
				CLANG_WARN_INFINITE_RECURSION = YES;
				CLANG_WARN_INT_CONVERSION = YES;
				CLANG_WARN_NON_LITERAL_NULL_CONVERSION = YES;
				CLANG_WARN_OBJC_IMPLICIT_RETAIN_SELF = YES;
				CLANG_WARN_OBJC_LITERAL_CONVERSION = YES;
				CLANG_WARN_OBJC_ROOT_CLASS = YES_ERROR;
				CLANG_WARN_RANGE_LOOP_ANALYSIS = YES;
				CLANG_WARN_STRICT_PROTOTYPES = YES;
				CLANG_WARN_SUSPICIOUS_MOVE = YES;
				CLANG_WARN_UNGUARDED_AVAILABILITY = YES_AGGRESSIVE;
				CLANG_WARN_UNREACHABLE_CODE = YES;
				CLANG_WARN__DUPLICATE_METHOD_MATCH = YES;
				COPY_PHASE_STRIP = NO;
				CURRENT_PROJECT_VERSION = 1;
				DEBUG_INFORMATION_FORMAT = "dwarf-with-dsym";
				ENABLE_NS_ASSERTIONS = NO;
				ENABLE_STRICT_OBJC_MSGSEND = YES;
				GCC_C_LANGUAGE_STANDARD = gnu11;
				GCC_NO_COMMON_BLOCKS = YES;
				GCC_WARN_64_TO_32_BIT_CONVERSION = YES;
				GCC_WARN_ABOUT_RETURN_TYPE = YES_ERROR;
				GCC_WARN_UNDECLARED_SELECTOR = YES;
				GCC_WARN_UNINITIALIZED_AUTOS = YES_AGGRESSIVE;
				GCC_WARN_UNUSED_FUNCTION = YES;
				GCC_WARN_UNUSED_VARIABLE = YES;
				IPHONEOS_DEPLOYMENT_TARGET = 13.2;
				MTL_ENABLE_DEBUG_INFO = NO;
				MTL_FAST_MATH = YES;
				SDKROOT = iphoneos;
				VALIDATE_PRODUCT = YES;
				VERSIONING_SYSTEM = "apple-generic";
				VERSION_INFO_PREFIX = "";
			};
			name = Release;
		};
		16DBCD6B2461ED970040D4E8 /* Debug */ = {
			isa = XCBuildConfiguration;
			buildSettings = {
				CODE_SIGN_STYLE = Automatic;
				COREML_CODEGEN_LANGUAGE = Automatic;
				COREML_CODEGEN_SWIFT_GLOBAL_MODULE = NO;
				DEFINES_MODULE = YES;
				DEVELOPMENT_TEAM = GR7KL5JY22;
				DYLIB_COMPATIBILITY_VERSION = 1;
				DYLIB_CURRENT_VERSION = 1;
				DYLIB_INSTALL_NAME_BASE = "@rpath";
				FRAMEWORK_SEARCH_PATHS = (
					"$(inherited)",
					"$(PROJECT_DIR)/Firebase",
					"$(PROJECT_DIR)/FirebaseMLVision/Frameworks",
				);
				INFOPLIST_FILE = AcessoBio/Info.plist;
				INSTALL_PATH = "$(LOCAL_LIBRARY_DIR)/Frameworks";
				IPHONEOS_DEPLOYMENT_TARGET = 11.1;
				LD_RUNPATH_SEARCH_PATHS = (
					"$(inherited)",
					"@executable_path/Frameworks",
					"@loader_path/Frameworks",
				);
				LIBRARY_SEARCH_PATHS = "$(inherited)";
				OTHER_LDFLAGS = "$(inherited)";
				PRODUCT_BUNDLE_IDENTIFIER = com.acesso.AcessoBio;
				PRODUCT_NAME = "$(TARGET_NAME:c99extidentifier)";
				SKIP_INSTALL = YES;
				SUPPORTS_MACCATALYST = NO;
				SYSTEM_FRAMEWORK_SEARCH_PATHS = "$(PROJECT_DIR)/Firebase/FirebaseMLVision/Frameworks";
				TARGETED_DEVICE_FAMILY = 1;
			};
			name = Debug;
		};
		16DBCD6C2461ED970040D4E8 /* Release */ = {
			isa = XCBuildConfiguration;
			buildSettings = {
				CODE_SIGN_STYLE = Automatic;
				COREML_CODEGEN_LANGUAGE = Automatic;
				COREML_CODEGEN_SWIFT_GLOBAL_MODULE = NO;
				DEFINES_MODULE = YES;
				DEVELOPMENT_TEAM = GR7KL5JY22;
				DYLIB_COMPATIBILITY_VERSION = 1;
				DYLIB_CURRENT_VERSION = 1;
				DYLIB_INSTALL_NAME_BASE = "@rpath";
				FRAMEWORK_SEARCH_PATHS = (
					"$(inherited)",
					"$(PROJECT_DIR)/Firebase",
					"$(PROJECT_DIR)/FirebaseMLVision/Frameworks",
				);
				INFOPLIST_FILE = AcessoBio/Info.plist;
				INSTALL_PATH = "$(LOCAL_LIBRARY_DIR)/Frameworks";
				IPHONEOS_DEPLOYMENT_TARGET = 11.1;
				LD_RUNPATH_SEARCH_PATHS = (
					"$(inherited)",
					"@executable_path/Frameworks",
					"@loader_path/Frameworks",
				);
				LIBRARY_SEARCH_PATHS = "$(inherited)";
				OTHER_LDFLAGS = "$(inherited)";
				PRODUCT_BUNDLE_IDENTIFIER = com.acesso.AcessoBio;
				PRODUCT_NAME = "$(TARGET_NAME:c99extidentifier)";
				SKIP_INSTALL = YES;
				SUPPORTS_MACCATALYST = NO;
				SYSTEM_FRAMEWORK_SEARCH_PATHS = "$(PROJECT_DIR)/Firebase/FirebaseMLVision/Frameworks";
				TARGETED_DEVICE_FAMILY = 1;
			};
			name = Release;
		};
/* End XCBuildConfiguration section */

/* Begin XCConfigurationList section */
		16DBCD5C2461ED970040D4E8 /* Build configuration list for PBXProject "AcessoBio" */ = {
			isa = XCConfigurationList;
			buildConfigurations = (
				16DBCD682461ED970040D4E8 /* Debug */,
				16DBCD692461ED970040D4E8 /* Release */,
			);
			defaultConfigurationIsVisible = 0;
			defaultConfigurationName = Release;
		};
		16DBCD6A2461ED970040D4E8 /* Build configuration list for PBXNativeTarget "AcessoBio" */ = {
			isa = XCConfigurationList;
			buildConfigurations = (
				16DBCD6B2461ED970040D4E8 /* Debug */,
				16DBCD6C2461ED970040D4E8 /* Release */,
			);
			defaultConfigurationIsVisible = 0;
			defaultConfigurationName = Release;
		};
/* End XCConfigurationList section */
	};
	rootObject = 16DBCD592461ED970040D4E8 /* Project object */;
}
